<?xml version="1.0" encoding="utf-8"?>
<Project ToolsVersion="4.0" xmlns="http://schemas.microsoft.com/developer/msbuild/2003">
  <ItemGroup>
    <Filter Include="Source Files">
      <UniqueIdentifier>{4FC737F1-C7A5-4376-A066-2A32D752A2FF}</UniqueIdentifier>
      <Extensions>cpp;c;cc;cxx;def;odl;idl;hpj;bat;asm;asmx</Extensions>
    </Filter>
    <Filter Include="Header Files">
      <UniqueIdentifier>{93995380-89BD-4b04-88EB-625FBE52EBFB}</UniqueIdentifier>
      <Extensions>h;hh;hpp;hxx;hm;inl;inc;ipp;xsd</Extensions>
    </Filter>
    <Filter Include="Resource Files">
      <UniqueIdentifier>{67DA6AB6-F800-4c08-8B7A-83BB121AAD01}</UniqueIdentifier>
      <Extensions>rc;ico;cur;bmp;dlg;rc2;rct;bin;rgs;gif;jpg;jpeg;jpe;resx;tiff;tif;png;wav;mfcribbon-ms</Extensions>
    </Filter>
    <Filter Include="Header Files\Fundamental">
      <UniqueIdentifier>{bbee550a-fc99-40f0-8ea2-567eb74eb031}</UniqueIdentifier>
    </Filter>
    <Filter Include="Source Files\Fundamental">
      <UniqueIdentifier>{cfc77701-d6bf-4995-b63c-7eedbbffc95e}</UniqueIdentifier>
    </Filter>
  </ItemGroup>
  <ItemGroup>
    <ClInclude Include="..\..\..\..\L%27informatique\CppCalculatrice\CalculatorMain\CalculatorMain\Arithmetic.h">
      <Filter>Header Files</Filter>
    </ClInclude>
    <ClInclude Include="..\..\..\..\L%27informatique\CppCalculatrice\CalculatorMain\CalculatorMain\Helper.h">
      <Filter>Header Files</Filter>
    </ClInclude>
    <ClInclude Include="..\..\..\..\L%27informatique\CppCalculatrice\CalculatorMain\CalculatorMain\Linear.h">
      <Filter>Header Files</Filter>
    </ClInclude>
    <ClInclude Include="..\..\..\..\L%27informatique\CppCalculatrice\CalculatorMain\CalculatorMain\Fundamental\Rational.h">
      <Filter>Header Files\Fundamental</Filter>
    </ClInclude>
  </ItemGroup>
  <ItemGroup>
    <ClCompile Include="..\..\..\..\L%27informatique\CppCalculatrice\CalculatorMain\CalculatorMain\Fundamental\Rational.cpp">
      <Filter>Source Files\Fundamental</Filter>
    </ClCompile>
    <ClCompile Include="..\..\..\..\L%27informatique\CppCalculatrice\CalculatorMain\CalculatorMain\Linear.cpp">
      <Filter>Source Files</Filter>
    </ClCompile>
    <ClCompile Include="..\..\..\..\L%27informatique\CppCalculatrice\CalculatorMain\CalculatorMain\Main.cpp">
      <Filter>Source Files</Filter>
    </ClCompile>
    <ClCompile Include="..\..\..\..\L%27informatique\CppCalculatrice\CalculatorMain\CalculatorMain\Arithmetic.cpp">
      <Filter>Source Files</Filter>
    </ClCompile>
    <ClCompile Include="..\..\..\..\L%27informatique\CppCalculatrice\CalculatorMain\CalculatorMain\Helper.cpp">
      <Filter>Source Files</Filter>
    </ClCompile>
  </ItemGroup>
  <ItemGroup>
    <None Include="..\..\..\..\L%27informatique\CppCalculatrice\CalculatorMain\CalculatorMain\config.json" />
    <None Include="..\..\..\..\L%27informatique\CppCalculatrice\CalculatorMain\CalculatorMain\configRange.json" />
  </ItemGroup>
</Project>